
Microsoft Visual Studio Solution File, Format Version 12.00
# Visual Studio Version 16
VisualStudioVersion = 16.0.31624.102
MinimumVisualStudioVersion = 10.0.40219.1
Project("{FAE04EC0-301F-11D3-BF4B-00C04F79EFBC}") = "Bibalala", "Bibalala.csproj", "{0169AB01-EB96-43B8-A867-F887E77497A3}"
EndProject
Global
	GlobalSection(SolutionConfigurationPlatforms) = preSolution
		Debug|Any CPU = Debug|Any CPU
		Release|Any CPU = Release|Any CPU
	EndGlobalSection
	GlobalSection(ProjectConfigurationPlatforms) = postSolution
		{0169AB01-EB96-43B8-A867-F887E77497A3}.Debug|Any CPU.ActiveCfg = Debug|Any CPU
		{0169AB01-EB96-43B8-A867-F887E77497A3}.Debug|Any CPU.Build.0 = Debug|Any CPU
		{0169AB01-EB96-43B8-A867-F887E77497A3}.Release|Any CPU.ActiveCfg = Release|Any CPU
		{0169AB01-EB96-43B8-A867-F887E77497A3}.Release|Any CPU.Build.0 = Release|Any CPU
	EndGlobalSection
	GlobalSection(SolutionProperties) = preSolution
		HideSolutionNode = FALSE
	EndGlobalSection
	GlobalSection(ExtensibilityGlobals) = postSolution
		SolutionGuid = {3BDDD233-DF55-42CF-938A-1123037E7448}
	EndGlobalSection
EndGlobal
